
Microsoft Visual Studio Solution File, Format Version 12.00
# Visual Studio Version 16
VisualStudioVersion = 16.0.31229.75
MinimumVisualStudioVersion = 10.0.40219.1
Project("{8BC9CEB8-8B4A-11D0-8D11-00A0C91BC942}") = "WindowsFTPClient", "WindowsFTPClient\WindowsFTPClient.vcxproj", "{60A619B1-7FBE-4413-80A5-83E27AEACA92}"
EndProject
Project("{8BC9CEB8-8B4A-11D0-8D11-00A0C91BC942}") = "Application", "Application\Application.vcxproj", "{AEBBA4A2-68F0-463A-81A2-5466A4C40F8A}"
	ProjectSection(ProjectDependencies) = postProject
		{9B045F3D-3C3B-4DB1-90B2-54D375AAE2AA} = {9B045F3D-3C3B-4DB1-90B2-54D375AAE2AA}
		{60A619B1-7FBE-4413-80A5-83E27AEACA92} = {60A619B1-7FBE-4413-80A5-83E27AEACA92}
	EndProjectSection
EndProject
Project("{8BC9CEB8-8B4A-11D0-8D11-00A0C91BC942}") = "cJSON", "cJSON\cJSON.vcxproj", "{9B045F3D-3C3B-4DB1-90B2-54D375AAE2AA}"
EndProject
Global
	GlobalSection(SolutionConfigurationPlatforms) = preSolution
		Debug|x64 = Debug|x64
		Debug|x86 = Debug|x86
		Release|x64 = Release|x64
		Release|x86 = Release|x86
	EndGlobalSection
	GlobalSection(ProjectConfigurationPlatforms) = postSolution
		{60A619B1-7FBE-4413-80A5-83E27AEACA92}.Debug|x64.ActiveCfg = Debug|x64
		{60A619B1-7FBE-4413-80A5-83E27AEACA92}.Debug|x64.Build.0 = Debug|x64
		{60A619B1-7FBE-4413-80A5-83E27AEACA92}.Debug|x86.ActiveCfg = Debug|Win32
		{60A619B1-7FBE-4413-80A5-83E27AEACA92}.Debug|x86.Build.0 = Debug|Win32
		{60A619B1-7FBE-4413-80A5-83E27AEACA92}.Release|x64.ActiveCfg = Release|x64
		{60A619B1-7FBE-4413-80A5-83E27AEACA92}.Release|x64.Build.0 = Release|x64
		{60A619B1-7FBE-4413-80A5-83E27AEACA92}.Release|x86.ActiveCfg = Release|Win32
		{60A619B1-7FBE-4413-80A5-83E27AEACA92}.Release|x86.Build.0 = Release|Win32
		{AEBBA4A2-68F0-463A-81A2-5466A4C40F8A}.Debug|x64.ActiveCfg = Debug|x64
		{AEBBA4A2-68F0-463A-81A2-5466A4C40F8A}.Debug|x64.Build.0 = Debug|x64
		{AEBBA4A2-68F0-463A-81A2-5466A4C40F8A}.Debug|x86.ActiveCfg = Debug|Win32
		{AEBBA4A2-68F0-463A-81A2-5466A4C40F8A}.Debug|x86.Build.0 = Debug|Win32
		{AEBBA4A2-68F0-463A-81A2-5466A4C40F8A}.Release|x64.ActiveCfg = Release|x64
		{AEBBA4A2-68F0-463A-81A2-5466A4C40F8A}.Release|x64.Build.0 = Release|x64
		{AEBBA4A2-68F0-463A-81A2-5466A4C40F8A}.Release|x86.ActiveCfg = Release|Win32
		{AEBBA4A2-68F0-463A-81A2-5466A4C40F8A}.Release|x86.Build.0 = Release|Win32
		{9B045F3D-3C3B-4DB1-90B2-54D375AAE2AA}.Debug|x64.ActiveCfg = Debug|x64
		{9B045F3D-3C3B-4DB1-90B2-54D375AAE2AA}.Debug|x64.Build.0 = Debug|x64
		{9B045F3D-3C3B-4DB1-90B2-54D375AAE2AA}.Debug|x86.ActiveCfg = Debug|Win32
		{9B045F3D-3C3B-4DB1-90B2-54D375AAE2AA}.Debug|x86.Build.0 = Debug|Win32
		{9B045F3D-3C3B-4DB1-90B2-54D375AAE2AA}.Release|x64.ActiveCfg = Release|x64
		{9B045F3D-3C3B-4DB1-90B2-54D375AAE2AA}.Release|x64.Build.0 = Release|x64
		{9B045F3D-3C3B-4DB1-90B2-54D375AAE2AA}.Release|x86.ActiveCfg = Release|Win32
		{9B045F3D-3C3B-4DB1-90B2-54D375AAE2AA}.Release|x86.Build.0 = Release|Win32
	EndGlobalSection
	GlobalSection(SolutionProperties) = preSolution
		HideSolutionNode = FALSE
	EndGlobalSection
	GlobalSection(ExtensibilityGlobals) = postSolution
		SolutionGuid = {FFE6E889-13E7-495E-BDAD-DAFC99ADED6F}
	EndGlobalSection
EndGlobal
